
Microsoft Visual Studio Solution File, Format Version 12.00
# Visual Studio 15
VisualStudioVersion = 15.0.28307.421
MinimumVisualStudioVersion = 10.0.40219.1
Project("{FAE04EC0-301F-11D3-BF4B-00C04F79EFBC}") = "HalloGit_AR", "HalloGit_AR\HalloGit_AR.csproj", "{07E0BDB2-DD06-42EC-9353-02FEFCE95336}"
EndProject
Global
	GlobalSection(SolutionConfigurationPlatforms) = preSolution
		Debug|Any CPU = Debug|Any CPU
		Release|Any CPU = Release|Any CPU
	EndGlobalSection
	GlobalSection(ProjectConfigurationPlatforms) = postSolution
		{07E0BDB2-DD06-42EC-9353-02FEFCE95336}.Debug|Any CPU.ActiveCfg = Debug|Any CPU
		{07E0BDB2-DD06-42EC-9353-02FEFCE95336}.Debug|Any CPU.Build.0 = Debug|Any CPU
		{07E0BDB2-DD06-42EC-9353-02FEFCE95336}.Release|Any CPU.ActiveCfg = Release|Any CPU
		{07E0BDB2-DD06-42EC-9353-02FEFCE95336}.Release|Any CPU.Build.0 = Release|Any CPU
	EndGlobalSection
	GlobalSection(SolutionProperties) = preSolution
		HideSolutionNode = FALSE
	EndGlobalSection
	GlobalSection(ExtensibilityGlobals) = postSolution
		SolutionGuid = {F35624CF-F56C-46DE-96E7-E4FE01474F96}
	EndGlobalSection
EndGlobal
